# This file is generated by running "yarn install" inside your project.
# Manual changes might be lost - proceed with caution!

__metadata:
  version: 6
  cacheKey: 8

"@next/env@npm:14.2.3":
  version: 14.2.3
  resolution: "@next/env@npm:14.2.3"
  checksum: 47ddb64ec6cdc13dfcf560ba42cce71d7948174bf800162738e20ba0147cc46a5f6fdde1eb7957a3676a9eca6dccf6603836ed7c755eab238d9f5c73614d9880
  languageName: node
  linkType: hard

"@next/swc-darwin-arm64@npm:14.2.3":
  version: 14.2.3
  resolution: "@next/swc-darwin-arm64@npm:14.2.3"
  conditions: os=darwin & cpu=arm64
  languageName: node
  linkType: hard

"@next/swc-darwin-x64@npm:14.2.3":
  version: 14.2.3
  resolution: "@next/swc-darwin-x64@npm:14.2.3"
  conditions: os=darwin & cpu=x64
  languageName: node
  linkType: hard

"@next/swc-linux-arm64-gnu@npm:14.2.3":
  version: 14.2.3
  resolution: "@next/swc-linux-arm64-gnu@npm:14.2.3"
  conditions: os=linux & cpu=arm64 & libc=glibc
  languageName: node
  linkType: hard

"@next/swc-linux-arm64-musl@npm:14.2.3":
  version: 14.2.3
  resolution: "@next/swc-linux-arm64-musl@npm:14.2.3"
  conditions: os=linux & cpu=arm64 & libc=musl
  languageName: node
  linkType: hard

"@next/swc-linux-x64-gnu@npm:14.2.3":
  version: 14.2.3
  resolution: "@next/swc-linux-x64-gnu@npm:14.2.3"
  conditions: os=linux & cpu=x64 & libc=glibc
  languageName: node
  linkType: hard

"@next/swc-linux-x64-musl@npm:14.2.3":
  version: 14.2.3
  resolution: "@next/swc-linux-x64-musl@npm:14.2.3"
  conditions: os=linux & cpu=x64 & libc=musl
  languageName: node
  linkType: hard

"@next/swc-win32-arm64-msvc@npm:14.2.3":
  version: 14.2.3
  resolution: "@next/swc-win32-arm64-msvc@npm:14.2.3"
  conditions: os=win32 & cpu=arm64
  languageName: node
  linkType: hard

"@next/swc-win32-ia32-msvc@npm:14.2.3":
  version: 14.2.3
  resolution: "@next/swc-win32-ia32-msvc@npm:14.2.3"
  conditions: os=win32 & cpu=ia32
  languageName: node
  linkType: hard

"@next/swc-win32-x64-msvc@npm:14.2.3":
  version: 14.2.3
  resolution: "@next/swc-win32-x64-msvc@npm:14.2.3"
  conditions: os=win32 & cpu=x64
  languageName: node
  linkType: hard

"@swc/counter@npm:^0.1.3":
  version: 0.1.3
  resolution: "@swc/counter@npm:0.1.3"
  checksum: df8f9cfba9904d3d60f511664c70d23bb323b3a0803ec9890f60133954173047ba9bdeabce28cd70ba89ccd3fd6c71c7b0bd58be85f611e1ffbe5d5c18616598
  languageName: node
  linkType: hard

"@swc/helpers@npm:0.5.5":
  version: 0.5.5
  resolution: "@swc/helpers@npm:0.5.5"
  dependencies:
    "@swc/counter": ^0.1.3
    tslib: ^2.4.0
  checksum: d4f207b191e54b29460804ddf2984ba6ece1d679a0b2f6a9c765dcf27bba92c5769e7965668a4546fb9f1021eaf0ff9be4bf5c235ce12adcd65acdfe77187d11
  languageName: node
  linkType: hard

"@types/node@npm:^14.0.27":
  version: 14.18.63
  resolution: "@types/node@npm:14.18.63"
  checksum: be909061a54931778c71c49dc562586c32f909c4b6197e3d71e6dac726d8bd9fccb9f599c0df99f52742b68153712b5097c0f00cac4e279fa894b0ea6719a8fd
  languageName: node
  linkType: hard

"@types/prop-types@npm:*":
  version: 15.7.12
  resolution: "@types/prop-types@npm:15.7.12"
  checksum: ac16cc3d0a84431ffa5cfdf89579ad1e2269549f32ce0c769321fdd078f84db4fbe1b461ed5a1a496caf09e637c0e367d600c541435716a55b1d9713f5035dfe
  languageName: node
  linkType: hard

"@types/react@npm:^16.9.44":
  version: 16.14.60
  resolution: "@types/react@npm:16.14.60"
  dependencies:
    "@types/prop-types": "*"
    "@types/scheduler": ^0.16
    csstype: ^3.0.2
  checksum: 75f7a88ace7fafd670b076ef0b2d490b18a8abb51271f7c04fb6141778ad03c83d741981f2809d430d8a205ba8b4153b31814efa5e8b505e29919c981c3a1889
  languageName: node
  linkType: hard

"@types/scheduler@npm:^0.16":
  version: 0.16.8
  resolution: "@types/scheduler@npm:0.16.8"
  checksum: 6c091b096daa490093bf30dd7947cd28e5b2cd612ec93448432b33f724b162587fed9309a0acc104d97b69b1d49a0f3fc755a62282054d62975d53d7fd13472d
  languageName: node
  linkType: hard

"axios@npm:^0.19.2":
  version: 0.19.2
  resolution: "axios@npm:0.19.2"
  dependencies:
    follow-redirects: 1.5.10
  checksum: dcace11a0a25fdf9b3b97fc9d011d23dd9c67cc13d91778080482ddddbbfe731f7410a090b11aa0bbbdf83686c5911ccb4289fd3683b7488c1b0c4d3c882380c
  languageName: node
  linkType: hard

"busboy@npm:1.6.0":
  version: 1.6.0
  resolution: "busboy@npm:1.6.0"
  dependencies:
    streamsearch: ^1.1.0
  checksum: 32801e2c0164e12106bf236291a00795c3c4e4b709ae02132883fe8478ba2ae23743b11c5735a0aae8afe65ac4b6ca4568b91f0d9fed1fdbc32ede824a73746e
  languageName: node
  linkType: hard

"caniuse-lite@npm:^1.0.30001579":
  version: 1.0.30001620
  resolution: "caniuse-lite@npm:1.0.30001620"
  checksum: 1831e519c29ce6971bc50d56bab196a307fcb4181e7deaa80df314b035b87b3912b8626b4e87adc301d0bfe6a90b99814101b1cb28114b96e720f996f19bdc0d
  languageName: node
  linkType: hard

"client-only@npm:0.0.1":
  version: 0.0.1
  resolution: "client-only@npm:0.0.1"
  checksum: 0c16bf660dadb90610553c1d8946a7fdfb81d624adea073b8440b7d795d5b5b08beb3c950c6a2cf16279365a3265158a236876d92bce16423c485c322d7dfaf8
  languageName: node
  linkType: hard

"csstype@npm:^3.0.2":
  version: 3.1.3
  resolution: "csstype@npm:3.1.3"
  checksum: 8db785cc92d259102725b3c694ec0c823f5619a84741b5c7991b8ad135dfaa66093038a1cc63e03361a6cd28d122be48f2106ae72334e067dd619a51f49eddf7
  languageName: node
  linkType: hard

"debug@npm:=3.1.0":
  version: 3.1.0
  resolution: "debug@npm:3.1.0"
  dependencies:
    ms: 2.0.0
  checksum: 0b52718ab957254a5b3ca07fc34543bc778f358620c206a08452251eb7fc193c3ea3505072acbf4350219c14e2d71ceb7bdaa0d3370aa630b50da790458d08b3
  languageName: node
  linkType: hard

"dequal@npm:2.0.2":
  version: 2.0.2
  resolution: "dequal@npm:2.0.2"
  checksum: 86c7a2c59f7b0797ed397c74b5fcdb744e48fc19440b70ad6ac59f57550a96b0faef3f1cfd5760ec5e6d3f7cb101f634f1f80db4e727b1dc8389bf62d977c0a0
  languageName: node
  linkType: hard

"follow-redirects@npm:1.5.10":
  version: 1.5.10
  resolution: "follow-redirects@npm:1.5.10"
  dependencies:
    debug: =3.1.0
  checksum: 0edc4b74e37e7b88ee716188a8f2a790238877c1d954f00c7b78d560f3bef40061c130536d13bee8e47b4e8e71edf1175a2de2729e51ab8206e4646b2370e484
  languageName: node
  linkType: hard

"graceful-fs@npm:^4.2.11":
  version: 4.2.11
  resolution: "graceful-fs@npm:4.2.11"
  checksum: ac85f94da92d8eb6b7f5a8b20ce65e43d66761c55ce85ac96df6865308390da45a8d3f0296dd3a663de65d30ba497bd46c696cc1e248c72b13d6d567138a4fc7
  languageName: node
  linkType: hard

"js-tokens@npm:^3.0.0 || ^4.0.0":
  version: 4.0.0
  resolution: "js-tokens@npm:4.0.0"
  checksum: 8a95213a5a77deb6cbe94d86340e8d9ace2b93bc367790b260101d2f36a2eaf4e4e22d9fa9cf459b38af3a32fb4190e638024cf82ec95ef708680e405ea7cc78
  languageName: node
  linkType: hard

"lazysizes@npm:^5.2.2":
  version: 5.3.2
  resolution: "lazysizes@npm:5.3.2"
  checksum: 6126c800bee810e27961ceab39e6940391f54ce42241cf11dcdc5effcf42d0f4ba509a6c126f578a20ba4d60ad6a9fbae2b2518c168494fa0184b644dac65bda
  languageName: node
  linkType: hard

"loose-envify@npm:^1.1.0, loose-envify@npm:^1.4.0":
  version: 1.4.0
  resolution: "loose-envify@npm:1.4.0"
  dependencies:
    js-tokens: ^3.0.0 || ^4.0.0
  bin:
    loose-envify: cli.js
  checksum: 6517e24e0cad87ec9888f500c5b5947032cdfe6ef65e1c1936a0c48a524b81e65542c9c3edc91c97d5bddc806ee2a985dbc79be89215d613b1de5db6d1cfe6f4
  languageName: node
  linkType: hard

"marked@npm:^1.1.1":
  version: 1.2.9
  resolution: "marked@npm:1.2.9"
  bin:
    marked: bin/marked
  checksum: c5a461b8081ee8f672197bf6503c49eba3906614eefea29f3188f5dac06a7fca45a0c2d97ed5d0910a1c96696c827f062ae5cc0b37c9a0acdaafb2acb1467a2f
  languageName: node
  linkType: hard

"ms@npm:2.0.0":
  version: 2.0.0
  resolution: "ms@npm:2.0.0"
  checksum: 0e6a22b8b746d2e0b65a430519934fefd41b6db0682e3477c10f60c76e947c4c0ad06f63ffdf1d78d335f83edee8c0aa928aa66a36c7cd95b69b26f468d527f4
  languageName: node
  linkType: hard

"nanoid@npm:^3.3.6":
  version: 3.3.7
  resolution: "nanoid@npm:3.3.7"
  bin:
    nanoid: bin/nanoid.cjs
  checksum: d36c427e530713e4ac6567d488b489a36582ef89da1d6d4e3b87eded11eb10d7042a877958c6f104929809b2ab0bafa17652b076cdf84324aa75b30b722204f2
  languageName: node
  linkType: hard

"next-realworld-example-app@workspace:.":
  version: 0.0.0-use.local
  resolution: "next-realworld-example-app@workspace:."
  dependencies:
    "@types/node": ^14.0.27
    "@types/react": ^16.9.44
    axios: ^0.19.2
    lazysizes: ^5.2.2
    marked: ^1.1.1
    next: ^14.2.3
    react: 16.13.1
    react-dom: 16.13.1
    swr: ^0.3.0
    typescript: ^3.9.7
  languageName: unknown
  linkType: soft

"next@npm:^14.2.3":
  version: 14.2.3
  resolution: "next@npm:14.2.3"
  dependencies:
    "@next/env": 14.2.3
    "@next/swc-darwin-arm64": 14.2.3
    "@next/swc-darwin-x64": 14.2.3
    "@next/swc-linux-arm64-gnu": 14.2.3
    "@next/swc-linux-arm64-musl": 14.2.3
    "@next/swc-linux-x64-gnu": 14.2.3
    "@next/swc-linux-x64-musl": 14.2.3
    "@next/swc-win32-arm64-msvc": 14.2.3
    "@next/swc-win32-ia32-msvc": 14.2.3
    "@next/swc-win32-x64-msvc": 14.2.3
    "@swc/helpers": 0.5.5
    busboy: 1.6.0
    caniuse-lite: ^1.0.30001579
    graceful-fs: ^4.2.11
    postcss: 8.4.31
    styled-jsx: 5.1.1
  peerDependencies:
    "@opentelemetry/api": ^1.1.0
    "@playwright/test": ^1.41.2
    react: ^18.2.0
    react-dom: ^18.2.0
    sass: ^1.3.0
  dependenciesMeta:
    "@next/swc-darwin-arm64":
      optional: true
    "@next/swc-darwin-x64":
      optional: true
    "@next/swc-linux-arm64-gnu":
      optional: true
    "@next/swc-linux-arm64-musl":
      optional: true
    "@next/swc-linux-x64-gnu":
      optional: true
    "@next/swc-linux-x64-musl":
      optional: true
    "@next/swc-win32-arm64-msvc":
      optional: true
    "@next/swc-win32-ia32-msvc":
      optional: true
    "@next/swc-win32-x64-msvc":
      optional: true
  peerDependenciesMeta:
    "@opentelemetry/api":
      optional: true
    "@playwright/test":
      optional: true
    sass:
      optional: true
  bin:
    next: dist/bin/next
  checksum: d34ea63adf23fe46efebe2a9c536c9127c0ee006d74c60d6d23aecbef650798c976b27c17910ca585f3bb1223b10924cb429b9ce930f3074aee1170d1519dccc
  languageName: node
  linkType: hard

"object-assign@npm:^4.1.1":
  version: 4.1.1
  resolution: "object-assign@npm:4.1.1"
  checksum: fcc6e4ea8c7fe48abfbb552578b1c53e0d194086e2e6bbbf59e0a536381a292f39943c6e9628af05b5528aa5e3318bb30d6b2e53cadaf5b8fe9e12c4b69af23f
  languageName: node
  linkType: hard

"picocolors@npm:^1.0.0":
  version: 1.0.1
  resolution: "picocolors@npm:1.0.1"
  checksum: fa68166d1f56009fc02a34cdfd112b0dd3cf1ef57667ac57281f714065558c01828cdf4f18600ad6851cbe0093952ed0660b1e0156bddf2184b6aaf5817553a5
  languageName: node
  linkType: hard

"postcss@npm:8.4.31":
  version: 8.4.31
  resolution: "postcss@npm:8.4.31"
  dependencies:
    nanoid: ^3.3.6
    picocolors: ^1.0.0
    source-map-js: ^1.0.2
  checksum: 1d8611341b073143ad90486fcdfeab49edd243377b1f51834dc4f6d028e82ce5190e4f11bb2633276864503654fb7cab28e67abdc0fbf9d1f88cad4a0ff0beea
  languageName: node
  linkType: hard

"prop-types@npm:^15.6.2":
  version: 15.8.1
  resolution: "prop-types@npm:15.8.1"
  dependencies:
    loose-envify: ^1.4.0
    object-assign: ^4.1.1
    react-is: ^16.13.1
  checksum: c056d3f1c057cb7ff8344c645450e14f088a915d078dcda795041765047fa080d38e5d626560ccaac94a4e16e3aa15f3557c1a9a8d1174530955e992c675e459
  languageName: node
  linkType: hard

"react-dom@npm:16.13.1":
  version: 16.13.1
  resolution: "react-dom@npm:16.13.1"
  dependencies:
    loose-envify: ^1.1.0
    object-assign: ^4.1.1
    prop-types: ^15.6.2
    scheduler: ^0.19.1
  peerDependencies:
    react: ^16.13.1
  checksum: 5009f3ee9bca06d6d4b9cf92c832eca102c284e6d019e832179c8de3e353534571474c95b7ab975935b22823726710dcd73783596c11dd71304beb11c19281c5
  languageName: node
  linkType: hard

"react-is@npm:^16.13.1":
  version: 16.13.1
  resolution: "react-is@npm:16.13.1"
  checksum: f7a19ac3496de32ca9ae12aa030f00f14a3d45374f1ceca0af707c831b2a6098ef0d6bdae51bd437b0a306d7f01d4677fcc8de7c0d331eb47ad0f46130e53c5f
  languageName: node
  linkType: hard

"react@npm:16.13.1":
  version: 16.13.1
  resolution: "react@npm:16.13.1"
  dependencies:
    loose-envify: ^1.1.0
    object-assign: ^4.1.1
    prop-types: ^15.6.2
  checksum: 4508f4207caca6bef55736284cbf2ce18d2edfee4c1457fc0bb2086b34ed5bcf9b44acdb71e27574e73a5b5d4d093720b5b4ec0bf92bb89394ee3a0a7c42c2d4
  languageName: node
  linkType: hard

"scheduler@npm:^0.19.1":
  version: 0.19.1
  resolution: "scheduler@npm:0.19.1"
  dependencies:
    loose-envify: ^1.1.0
    object-assign: ^4.1.1
  checksum: 73e185a59e2ff5aa3609f5b9cb97ddd376f89e1610579d29939d952411ca6eb7a24907a4ea4556569dacb931467a1a4a56d94fe809ef713aa76748642cd96a6c
  languageName: node
  linkType: hard

"source-map-js@npm:^1.0.2":
  version: 1.2.0
  resolution: "source-map-js@npm:1.2.0"
  checksum: 791a43306d9223792e84293b00458bf102a8946e7188f3db0e4e22d8d530b5f80a4ce468eb5ec0bf585443ad55ebbd630bf379c98db0b1f317fd902500217f97
  languageName: node
  linkType: hard

"streamsearch@npm:^1.1.0":
  version: 1.1.0
  resolution: "streamsearch@npm:1.1.0"
  checksum: 1cce16cea8405d7a233d32ca5e00a00169cc0e19fbc02aa839959985f267335d435c07f96e5e0edd0eadc6d39c98d5435fb5bbbdefc62c41834eadc5622ad942
  languageName: node
  linkType: hard

"styled-jsx@npm:5.1.1":
  version: 5.1.1
  resolution: "styled-jsx@npm:5.1.1"
  dependencies:
    client-only: 0.0.1
  peerDependencies:
    react: ">= 16.8.0 || 17.x.x || ^18.0.0-0"
  peerDependenciesMeta:
    "@babel/core":
      optional: true
    babel-plugin-macros:
      optional: true
  checksum: 523a33b38603492547e861b98e29c873939b04e15fbe5ef16132c6f1e15958126647983c7d4675325038b428a5e91183d996e90141b18bdd1bbadf6e2c45b2fa
  languageName: node
  linkType: hard

"swr@npm:^0.3.0":
  version: 0.3.11
  resolution: "swr@npm:0.3.11"
  dependencies:
    dequal: 2.0.2
  peerDependencies:
    react: ^16.11.0 || ^17.0.0
  checksum: 035b29528319a2c82360075a4a3b25faf098832f1d5b66eb811ca59b5489317d2325ea2d2b6e4885fbf4778af9ee823cf20b886def252396dbae129448a1e899
  languageName: node
  linkType: hard

"tslib@npm:^2.4.0":
  version: 2.6.2
  resolution: "tslib@npm:2.6.2"
  checksum: 329ea56123005922f39642318e3d1f0f8265d1e7fcb92c633e0809521da75eeaca28d2cf96d7248229deb40e5c19adf408259f4b9640afd20d13aecc1430f3ad
  languageName: node
  linkType: hard

"typescript@npm:^3.9.7":
  version: 3.9.10
  resolution: "typescript@npm:3.9.10"
  bin:
    tsc: bin/tsc
    tsserver: bin/tsserver
  checksum: 46c842e2cd4797b88b66ef06c9c41dd21da48b95787072ccf39d5f2aa3124361bc4c966aa1c7f709fae0509614d76751455b5231b12dbb72eb97a31369e1ff92
  languageName: node
  linkType: hard

"typescript@patch:typescript@^3.9.7#~builtin<compat/typescript>":
  version: 3.9.10
  resolution: "typescript@patch:typescript@npm%3A3.9.10#~builtin<compat/typescript>::version=3.9.10&hash=3bd3d3"
  bin:
    tsc: bin/tsc
    tsserver: bin/tsserver
  checksum: dc7141ab555b23a8650a6787f98845fc11692063d02b75ff49433091b3af2fe3d773650dea18389d7c21f47d620fb3b110ea363dab4ab039417a6ccbbaf96fc2
  languageName: node
  linkType: hard
